
Microsoft Visual Studio Solution File, Format Version 12.00
# Visual Studio Version 17
VisualStudioVersion = 17.11.35312.102
MinimumVisualStudioVersion = 10.0.40219.1
Project("{8BC9CEB8-8B4A-11D0-8D11-00A0C91BC942}") = "Task01", "Task01\Task01.vcxproj", "{B72A94CE-9762-40E2-A985-A9E8B2684A67}"
EndProject
Project("{8BC9CEB8-8B4A-11D0-8D11-00A0C91BC942}") = "Task02", "Task02\Task02.vcxproj", "{D5730816-1CD5-40F9-9ED9-E8FF84F1C9CC}"
EndProject
Project("{8BC9CEB8-8B4A-11D0-8D11-00A0C91BC942}") = "Task03", "Task03\Task03.vcxproj", "{F832179B-DD35-4F63-AC34-30E610A54739}"
EndProject
Project("{8BC9CEB8-8B4A-11D0-8D11-00A0C91BC942}") = "Task04", "Task04\Task04.vcxproj", "{24F56F16-82EA-4E6C-8467-D6AE60C436C7}"
EndProject
Project("{8BC9CEB8-8B4A-11D0-8D11-00A0C91BC942}") = "Task05", "Task05\Task05.vcxproj", "{BBE17C28-DFF8-43A4-8E41-917055D2D7B2}"
EndProject
Project("{8BC9CEB8-8B4A-11D0-8D11-00A0C91BC942}") = "Task06", "Task06\Task06.vcxproj", "{4005C564-9F32-47E3-BE40-E84425066DE5}"
EndProject
Project("{8BC9CEB8-8B4A-11D0-8D11-00A0C91BC942}") = "Task07", "Task07\Task07.vcxproj", "{4C8F2222-AEE7-4191-A05A-51972632194C}"
EndProject
Project("{8BC9CEB8-8B4A-11D0-8D11-00A0C91BC942}") = "Task08", "Task08\Task08.vcxproj", "{880DCB7C-1D15-4ADE-B080-FA7CD09E9D42}"
EndProject
Project("{8BC9CEB8-8B4A-11D0-8D11-00A0C91BC942}") = "Task09", "Task09\Task09.vcxproj", "{EE73F88F-7FE9-46B0-919E-6E5584FA9E79}"
EndProject
Project("{8BC9CEB8-8B4A-11D0-8D11-00A0C91BC942}") = "Task10", "Task10\Task10.vcxproj", "{1E8FFF33-2F19-4707-B899-2BB74386E26C}"
EndProject
Global
	GlobalSection(SolutionConfigurationPlatforms) = preSolution
		Debug|x64 = Debug|x64
		Debug|x86 = Debug|x86
		Release|x64 = Release|x64
		Release|x86 = Release|x86
	EndGlobalSection
	GlobalSection(ProjectConfigurationPlatforms) = postSolution
		{B72A94CE-9762-40E2-A985-A9E8B2684A67}.Debug|x64.ActiveCfg = Debug|x64
		{B72A94CE-9762-40E2-A985-A9E8B2684A67}.Debug|x64.Build.0 = Debug|x64
		{B72A94CE-9762-40E2-A985-A9E8B2684A67}.Debug|x86.ActiveCfg = Debug|Win32
		{B72A94CE-9762-40E2-A985-A9E8B2684A67}.Debug|x86.Build.0 = Debug|Win32
		{B72A94CE-9762-40E2-A985-A9E8B2684A67}.Release|x64.ActiveCfg = Release|x64
		{B72A94CE-9762-40E2-A985-A9E8B2684A67}.Release|x64.Build.0 = Release|x64
		{B72A94CE-9762-40E2-A985-A9E8B2684A67}.Release|x86.ActiveCfg = Release|Win32
		{B72A94CE-9762-40E2-A985-A9E8B2684A67}.Release|x86.Build.0 = Release|Win32
		{D5730816-1CD5-40F9-9ED9-E8FF84F1C9CC}.Debug|x64.ActiveCfg = Debug|x64
		{D5730816-1CD5-40F9-9ED9-E8FF84F1C9CC}.Debug|x64.Build.0 = Debug|x64
		{D5730816-1CD5-40F9-9ED9-E8FF84F1C9CC}.Debug|x86.ActiveCfg = Debug|Win32
		{D5730816-1CD5-40F9-9ED9-E8FF84F1C9CC}.Debug|x86.Build.0 = Debug|Win32
		{D5730816-1CD5-40F9-9ED9-E8FF84F1C9CC}.Release|x64.ActiveCfg = Release|x64
		{D5730816-1CD5-40F9-9ED9-E8FF84F1C9CC}.Release|x64.Build.0 = Release|x64
		{D5730816-1CD5-40F9-9ED9-E8FF84F1C9CC}.Release|x86.ActiveCfg = Release|Win32
		{D5730816-1CD5-40F9-9ED9-E8FF84F1C9CC}.Release|x86.Build.0 = Release|Win32
		{F832179B-DD35-4F63-AC34-30E610A54739}.Debug|x64.ActiveCfg = Debug|x64
		{F832179B-DD35-4F63-AC34-30E610A54739}.Debug|x64.Build.0 = Debug|x64
		{F832179B-DD35-4F63-AC34-30E610A54739}.Debug|x86.ActiveCfg = Debug|Win32
		{F832179B-DD35-4F63-AC34-30E610A54739}.Debug|x86.Build.0 = Debug|Win32
		{F832179B-DD35-4F63-AC34-30E610A54739}.Release|x64.ActiveCfg = Release|x64
		{F832179B-DD35-4F63-AC34-30E610A54739}.Release|x64.Build.0 = Release|x64
		{F832179B-DD35-4F63-AC34-30E610A54739}.Release|x86.ActiveCfg = Release|Win32
		{F832179B-DD35-4F63-AC34-30E610A54739}.Release|x86.Build.0 = Release|Win32
		{24F56F16-82EA-4E6C-8467-D6AE60C436C7}.Debug|x64.ActiveCfg = Debug|x64
		{24F56F16-82EA-4E6C-8467-D6AE60C436C7}.Debug|x64.Build.0 = Debug|x64
		{24F56F16-82EA-4E6C-8467-D6AE60C436C7}.Debug|x86.ActiveCfg = Debug|Win32
		{24F56F16-82EA-4E6C-8467-D6AE60C436C7}.Debug|x86.Build.0 = Debug|Win32
		{24F56F16-82EA-4E6C-8467-D6AE60C436C7}.Release|x64.ActiveCfg = Release|x64
		{24F56F16-82EA-4E6C-8467-D6AE60C436C7}.Release|x64.Build.0 = Release|x64
		{24F56F16-82EA-4E6C-8467-D6AE60C436C7}.Release|x86.ActiveCfg = Release|Win32
		{24F56F16-82EA-4E6C-8467-D6AE60C436C7}.Release|x86.Build.0 = Release|Win32
		{BBE17C28-DFF8-43A4-8E41-917055D2D7B2}.Debug|x64.ActiveCfg = Debug|x64
		{BBE17C28-DFF8-43A4-8E41-917055D2D7B2}.Debug|x64.Build.0 = Debug|x64
		{BBE17C28-DFF8-43A4-8E41-917055D2D7B2}.Debug|x86.ActiveCfg = Debug|Win32
		{BBE17C28-DFF8-43A4-8E41-917055D2D7B2}.Debug|x86.Build.0 = Debug|Win32
		{BBE17C28-DFF8-43A4-8E41-917055D2D7B2}.Release|x64.ActiveCfg = Release|x64
		{BBE17C28-DFF8-43A4-8E41-917055D2D7B2}.Release|x64.Build.0 = Release|x64
		{BBE17C28-DFF8-43A4-8E41-917055D2D7B2}.Release|x86.ActiveCfg = Release|Win32
		{BBE17C28-DFF8-43A4-8E41-917055D2D7B2}.Release|x86.Build.0 = Release|Win32
		{4005C564-9F32-47E3-BE40-E84425066DE5}.Debug|x64.ActiveCfg = Debug|x64
		{4005C564-9F32-47E3-BE40-E84425066DE5}.Debug|x64.Build.0 = Debug|x64
		{4005C564-9F32-47E3-BE40-E84425066DE5}.Debug|x86.ActiveCfg = Debug|Win32
		{4005C564-9F32-47E3-BE40-E84425066DE5}.Debug|x86.Build.0 = Debug|Win32
		{4005C564-9F32-47E3-BE40-E84425066DE5}.Release|x64.ActiveCfg = Release|x64
		{4005C564-9F32-47E3-BE40-E84425066DE5}.Release|x64.Build.0 = Release|x64
		{4005C564-9F32-47E3-BE40-E84425066DE5}.Release|x86.ActiveCfg = Release|Win32
		{4005C564-9F32-47E3-BE40-E84425066DE5}.Release|x86.Build.0 = Release|Win32
		{4C8F2222-AEE7-4191-A05A-51972632194C}.Debug|x64.ActiveCfg = Debug|x64
		{4C8F2222-AEE7-4191-A05A-51972632194C}.Debug|x64.Build.0 = Debug|x64
		{4C8F2222-AEE7-4191-A05A-51972632194C}.Debug|x86.ActiveCfg = Debug|Win32
		{4C8F2222-AEE7-4191-A05A-51972632194C}.Debug|x86.Build.0 = Debug|Win32
		{4C8F2222-AEE7-4191-A05A-51972632194C}.Release|x64.ActiveCfg = Release|x64
		{4C8F2222-AEE7-4191-A05A-51972632194C}.Release|x64.Build.0 = Release|x64
		{4C8F2222-AEE7-4191-A05A-51972632194C}.Release|x86.ActiveCfg = Release|Win32
		{4C8F2222-AEE7-4191-A05A-51972632194C}.Release|x86.Build.0 = Release|Win32
		{880DCB7C-1D15-4ADE-B080-FA7CD09E9D42}.Debug|x64.ActiveCfg = Debug|x64
		{880DCB7C-1D15-4ADE-B080-FA7CD09E9D42}.Debug|x64.Build.0 = Debug|x64
		{880DCB7C-1D15-4ADE-B080-FA7CD09E9D42}.Debug|x86.ActiveCfg = Debug|Win32
		{880DCB7C-1D15-4ADE-B080-FA7CD09E9D42}.Debug|x86.Build.0 = Debug|Win32
		{880DCB7C-1D15-4ADE-B080-FA7CD09E9D42}.Release|x64.ActiveCfg = Release|x64
		{880DCB7C-1D15-4ADE-B080-FA7CD09E9D42}.Release|x64.Build.0 = Release|x64
		{880DCB7C-1D15-4ADE-B080-FA7CD09E9D42}.Release|x86.ActiveCfg = Release|Win32
		{880DCB7C-1D15-4ADE-B080-FA7CD09E9D42}.Release|x86.Build.0 = Release|Win32
		{EE73F88F-7FE9-46B0-919E-6E5584FA9E79}.Debug|x64.ActiveCfg = Debug|x64
		{EE73F88F-7FE9-46B0-919E-6E5584FA9E79}.Debug|x64.Build.0 = Debug|x64
		{EE73F88F-7FE9-46B0-919E-6E5584FA9E79}.Debug|x86.ActiveCfg = Debug|Win32
		{EE73F88F-7FE9-46B0-919E-6E5584FA9E79}.Debug|x86.Build.0 = Debug|Win32
		{EE73F88F-7FE9-46B0-919E-6E5584FA9E79}.Release|x64.ActiveCfg = Release|x64
		{EE73F88F-7FE9-46B0-919E-6E5584FA9E79}.Release|x64.Build.0 = Release|x64
		{EE73F88F-7FE9-46B0-919E-6E5584FA9E79}.Release|x86.ActiveCfg = Release|Win32
		{EE73F88F-7FE9-46B0-919E-6E5584FA9E79}.Release|x86.Build.0 = Release|Win32
		{1E8FFF33-2F19-4707-B899-2BB74386E26C}.Debug|x64.ActiveCfg = Debug|x64
		{1E8FFF33-2F19-4707-B899-2BB74386E26C}.Debug|x64.Build.0 = Debug|x64
		{1E8FFF33-2F19-4707-B899-2BB74386E26C}.Debug|x86.ActiveCfg = Debug|Win32
		{1E8FFF33-2F19-4707-B899-2BB74386E26C}.Debug|x86.Build.0 = Debug|Win32
		{1E8FFF33-2F19-4707-B899-2BB74386E26C}.Release|x64.ActiveCfg = Release|x64
		{1E8FFF33-2F19-4707-B899-2BB74386E26C}.Release|x64.Build.0 = Release|x64
		{1E8FFF33-2F19-4707-B899-2BB74386E26C}.Release|x86.ActiveCfg = Release|Win32
		{1E8FFF33-2F19-4707-B899-2BB74386E26C}.Release|x86.Build.0 = Release|Win32
	EndGlobalSection
	GlobalSection(SolutionProperties) = preSolution
		HideSolutionNode = FALSE
	EndGlobalSection
	GlobalSection(ExtensibilityGlobals) = postSolution
		SolutionGuid = {F698CCC6-E626-402C-83F7-1B0BB2F1C6FF}
	EndGlobalSection
EndGlobal
